
Microsoft Visual Studio Solution File, Format Version 12.00
# Visual Studio Version 17
VisualStudioVersion = 17.5.002.0
MinimumVisualStudioVersion = 10.0.40219.1
Project("{9A19103F-16F7-4668-BE54-9A1E7A4F7556}") = "MediaCycle", "MediaCycle.csproj", "{FE2A92A5-69DE-42E4-B812-518D59CD8496}"
EndProject
Global
	GlobalSection(SolutionConfigurationPlatforms) = preSolution
		Debug|Any CPU = Debug|Any CPU
		Release|Any CPU = Release|Any CPU
	EndGlobalSection
	GlobalSection(ProjectConfigurationPlatforms) = postSolution
		{FE2A92A5-69DE-42E4-B812-518D59CD8496}.Debug|Any CPU.ActiveCfg = Debug|Any CPU
		{FE2A92A5-69DE-42E4-B812-518D59CD8496}.Debug|Any CPU.Build.0 = Debug|Any CPU
		{FE2A92A5-69DE-42E4-B812-518D59CD8496}.Release|Any CPU.ActiveCfg = Release|Any CPU
		{FE2A92A5-69DE-42E4-B812-518D59CD8496}.Release|Any CPU.Build.0 = Release|Any CPU
	EndGlobalSection
	GlobalSection(SolutionProperties) = preSolution
		HideSolutionNode = FALSE
	EndGlobalSection
	GlobalSection(ExtensibilityGlobals) = postSolution
		SolutionGuid = {DAE9D670-CABA-413D-84F5-40CE113945E7}
	EndGlobalSection
EndGlobal
